
Microsoft Visual Studio Solution File, Format Version 12.00
# Visual Studio Version 16
VisualStudioVersion = 16.0.29503.13
MinimumVisualStudioVersion = 10.0.40219.1
Project("{9A19103F-16F7-4668-BE54-9A1E7A4F7556}") = "MR.Web", "MR.Web.csproj", "{426CFD5F-A3A5-4201-80DF-A84DE6705C4A}"
EndProject
Project("{FAE04EC0-301F-11D3-BF4B-00C04F79EFBC}") = "MR.Dal", "..\MR.Dal\MR.Dal.csproj", "{5566ECD2-3796-49DB-AD04-D9C49BD7E580}"
EndProject
Project("{FAE04EC0-301F-11D3-BF4B-00C04F79EFBC}") = "MR.Entities", "..\MR.Entities\MR.Entities.csproj", "{E25AB281-C5A3-4CD7-AD0E-6A307E63DFA5}"
EndProject
Global
	GlobalSection(SolutionConfigurationPlatforms) = preSolution
		Debug|Any CPU = Debug|Any CPU
		Release|Any CPU = Release|Any CPU
	EndGlobalSection
	GlobalSection(ProjectConfigurationPlatforms) = postSolution
		{426CFD5F-A3A5-4201-80DF-A84DE6705C4A}.Debug|Any CPU.ActiveCfg = Debug|Any CPU
		{426CFD5F-A3A5-4201-80DF-A84DE6705C4A}.Debug|Any CPU.Build.0 = Debug|Any CPU
		{426CFD5F-A3A5-4201-80DF-A84DE6705C4A}.Release|Any CPU.ActiveCfg = Release|Any CPU
		{426CFD5F-A3A5-4201-80DF-A84DE6705C4A}.Release|Any CPU.Build.0 = Release|Any CPU
		{5566ECD2-3796-49DB-AD04-D9C49BD7E580}.Debug|Any CPU.ActiveCfg = Debug|Any CPU
		{5566ECD2-3796-49DB-AD04-D9C49BD7E580}.Debug|Any CPU.Build.0 = Debug|Any CPU
		{5566ECD2-3796-49DB-AD04-D9C49BD7E580}.Release|Any CPU.ActiveCfg = Release|Any CPU
		{5566ECD2-3796-49DB-AD04-D9C49BD7E580}.Release|Any CPU.Build.0 = Release|Any CPU
		{E25AB281-C5A3-4CD7-AD0E-6A307E63DFA5}.Debug|Any CPU.ActiveCfg = Debug|Any CPU
		{E25AB281-C5A3-4CD7-AD0E-6A307E63DFA5}.Debug|Any CPU.Build.0 = Debug|Any CPU
		{E25AB281-C5A3-4CD7-AD0E-6A307E63DFA5}.Release|Any CPU.ActiveCfg = Release|Any CPU
		{E25AB281-C5A3-4CD7-AD0E-6A307E63DFA5}.Release|Any CPU.Build.0 = Release|Any CPU
	EndGlobalSection
	GlobalSection(SolutionProperties) = preSolution
		HideSolutionNode = FALSE
	EndGlobalSection
	GlobalSection(ExtensibilityGlobals) = postSolution
		SolutionGuid = {9740813A-E049-4FB1-A481-1373F7310BF3}
	EndGlobalSection
EndGlobal
